
Microsoft Visual Studio Solution File, Format Version 12.00
# Visual Studio 15
VisualStudioVersion = 15.0.27703.2000
MinimumVisualStudioVersion = 10.0.40219.1
Project("{FAE04EC0-301F-11D3-BF4B-00C04F79EFBC}") = "U_P", "U_P\U_P.csproj", "{51B36BF0-6598-4105-BEC1-B05C77735134}"
EndProject
Global
	GlobalSection(SolutionConfigurationPlatforms) = preSolution
		Debug|Any CPU = Debug|Any CPU
		Release|Any CPU = Release|Any CPU
	EndGlobalSection
	GlobalSection(ProjectConfigurationPlatforms) = postSolution
		{51B36BF0-6598-4105-BEC1-B05C77735134}.Debug|Any CPU.ActiveCfg = Debug|Any CPU
		{51B36BF0-6598-4105-BEC1-B05C77735134}.Debug|Any CPU.Build.0 = Debug|Any CPU
		{51B36BF0-6598-4105-BEC1-B05C77735134}.Release|Any CPU.ActiveCfg = Release|Any CPU
		{51B36BF0-6598-4105-BEC1-B05C77735134}.Release|Any CPU.Build.0 = Release|Any CPU
	EndGlobalSection
	GlobalSection(SolutionProperties) = preSolution
		HideSolutionNode = FALSE
	EndGlobalSection
	GlobalSection(ExtensibilityGlobals) = postSolution
		SolutionGuid = {AD214855-644F-4663-8258-FE3E19AF80B0}
	EndGlobalSection
EndGlobal
